
Microsoft Visual Studio Solution File, Format Version 12.00
# Visual Studio 15
VisualStudioVersion = 15.0.26730.12
MinimumVisualStudioVersion = 10.0.40219.1
Project("{9A19103F-16F7-4668-BE54-9A1E7A4F7556}") = "Collector.Common.Validation.NationalIdentifier", "Nationaldentifier\Collector.Common.Validation.NationalIdentifier.csproj", "{FAF0C2FB-C559-469A-A4B1-BF179E527FDF}"
EndProject
Project("{9A19103F-16F7-4668-BE54-9A1E7A4F7556}") = "Collector.Common.Validation.AccountNumber", "AccountNumber\Collector.Common.Validation.AccountNumber.csproj", "{FA00C6AB-E0AC-46FB-BDF7-02D78668DBB0}"
EndProject
Project("{FAE04EC0-301F-11D3-BF4B-00C04F79EFBC}") = "Collector.Common.Validation.Tests", "Tests\Collector.Common.Validation.Tests.csproj", "{2DD12C08-BCAC-4EAD-B7CD-EC28E9F37BF7}"
EndProject
Project("{FAE04EC0-301F-11D3-BF4B-00C04F79EFBC}") = "Collector.Common.Validation.Test", "Collector.Common.Validation.Test\Collector.Common.Validation.Test.csproj", "{62E856AD-679C-4653-91DF-23A095D081F7}"
EndProject
Global
	GlobalSection(SolutionConfigurationPlatforms) = preSolution
		Debug|Any CPU = Debug|Any CPU
		Release|Any CPU = Release|Any CPU
	EndGlobalSection
	GlobalSection(ProjectConfigurationPlatforms) = postSolution
		{FAF0C2FB-C559-469A-A4B1-BF179E527FDF}.Debug|Any CPU.ActiveCfg = Debug|Any CPU
		{FAF0C2FB-C559-469A-A4B1-BF179E527FDF}.Debug|Any CPU.Build.0 = Debug|Any CPU
		{FAF0C2FB-C559-469A-A4B1-BF179E527FDF}.Release|Any CPU.ActiveCfg = Release|Any CPU
		{FAF0C2FB-C559-469A-A4B1-BF179E527FDF}.Release|Any CPU.Build.0 = Release|Any CPU
		{FA00C6AB-E0AC-46FB-BDF7-02D78668DBB0}.Debug|Any CPU.ActiveCfg = Debug|Any CPU
		{FA00C6AB-E0AC-46FB-BDF7-02D78668DBB0}.Debug|Any CPU.Build.0 = Debug|Any CPU
		{FA00C6AB-E0AC-46FB-BDF7-02D78668DBB0}.Release|Any CPU.ActiveCfg = Release|Any CPU
		{FA00C6AB-E0AC-46FB-BDF7-02D78668DBB0}.Release|Any CPU.Build.0 = Release|Any CPU
		{2DD12C08-BCAC-4EAD-B7CD-EC28E9F37BF7}.Debug|Any CPU.ActiveCfg = Debug|Any CPU
		{2DD12C08-BCAC-4EAD-B7CD-EC28E9F37BF7}.Debug|Any CPU.Build.0 = Debug|Any CPU
		{2DD12C08-BCAC-4EAD-B7CD-EC28E9F37BF7}.Release|Any CPU.ActiveCfg = Release|Any CPU
		{2DD12C08-BCAC-4EAD-B7CD-EC28E9F37BF7}.Release|Any CPU.Build.0 = Release|Any CPU
		{62E856AD-679C-4653-91DF-23A095D081F7}.Debug|Any CPU.ActiveCfg = Debug|Any CPU
		{62E856AD-679C-4653-91DF-23A095D081F7}.Debug|Any CPU.Build.0 = Debug|Any CPU
		{62E856AD-679C-4653-91DF-23A095D081F7}.Release|Any CPU.ActiveCfg = Release|Any CPU
		{62E856AD-679C-4653-91DF-23A095D081F7}.Release|Any CPU.Build.0 = Release|Any CPU
	EndGlobalSection
	GlobalSection(SolutionProperties) = preSolution
		HideSolutionNode = FALSE
	EndGlobalSection
	GlobalSection(ExtensibilityGlobals) = postSolution
		SolutionGuid = {41210757-3D67-4690-90FA-4815B138A1CD}
	EndGlobalSection
EndGlobal
